
Microsoft Visual Studio Solution File, Format Version 12.00
# Visual Studio 14
VisualStudioVersion = 14.0.25123.0
MinimumVisualStudioVersion = 10.0.40219.1
Project("{FAE04EC0-301F-11D3-BF4B-00C04F79EFBC}") = "ut-dart-scpi", "ut-dart-scpi\ut-dart-scpi.csproj", "{CB415C40-73D4-4468-B6E4-D1E9DDD60D9D}"
EndProject
Global
	GlobalSection(SolutionConfigurationPlatforms) = preSolution
		Debug|Any CPU = Debug|Any CPU
		Release|Any CPU = Release|Any CPU
	EndGlobalSection
	GlobalSection(ProjectConfigurationPlatforms) = postSolution
		{CB415C40-73D4-4468-B6E4-D1E9DDD60D9D}.Debug|Any CPU.ActiveCfg = Debug|Any CPU
		{CB415C40-73D4-4468-B6E4-D1E9DDD60D9D}.Debug|Any CPU.Build.0 = Debug|Any CPU
		{CB415C40-73D4-4468-B6E4-D1E9DDD60D9D}.Release|Any CPU.ActiveCfg = Release|Any CPU
		{CB415C40-73D4-4468-B6E4-D1E9DDD60D9D}.Release|Any CPU.Build.0 = Release|Any CPU
	EndGlobalSection
	GlobalSection(SolutionProperties) = preSolution
		HideSolutionNode = FALSE
	EndGlobalSection
EndGlobal
